
Microsoft Visual Studio Solution File, Format Version 12.00
# Visual Studio Version 18
VisualStudioVersion = 18.0.11010.61
MinimumVisualStudioVersion = 10.0.40219.1
Project("{FAE04EC0-301F-11D3-BF4B-00C04F79EFBC}") = "AskHR.AppHost", "AskHR.AppHost\AskHR.AppHost.csproj", "{D7E75C3D-AADA-4C15-8F53-064DD7A0032D}"
EndProject
Project("{2150E333-8FDC-42A3-9474-1A3956D46DE8}") = "tests", "tests", "{02EA681E-C7D8-13C7-8484-4AC65E1B71E8}"
EndProject
Project("{2150E333-8FDC-42A3-9474-1A3956D46DE8}") = "AITools", "AITools", "{55F88B21-571A-464F-8D69-3C16FEF76432}"
EndProject
Project("{FAE04EC0-301F-11D3-BF4B-00C04F79EFBC}") = "AskHR.ServiceDefaults", "AskHR.ServiceDefaults\AskHR.ServiceDefaults.csproj", "{096BFD86-B88B-464C-A79C-BB46AC2CA067}"
EndProject
Project("{FAE04EC0-301F-11D3-BF4B-00C04F79EFBC}") = "AskHR.Common", "AskHR.Common\AskHR.Common.csproj", "{FF73276D-AA6D-47B4-A098-90C204C329B4}"
EndProject
Project("{FAE04EC0-301F-11D3-BF4B-00C04F79EFBC}") = "AskHR.Knowledge", "AskHR.Knowledge\AskHR.Knowledge.csproj", "{54838106-D89D-467F-BD86-362F32AEB36E}"
EndProject
Project("{FAE04EC0-301F-11D3-BF4B-00C04F79EFBC}") = "AskHR.MCP.Server", "AskHR.MCP.Server\AskHR.MCP.Server.csproj", "{48460D4C-7B5A-498C-9335-2F7C927CF4A2}"
EndProject
Project("{FAE04EC0-301F-11D3-BF4B-00C04F79EFBC}") = "AskHR.AITools.SearchOnlineTool", "AITools\AskHR.AITools.SearchOnlineTool\AskHR.AITools.SearchOnlineTool.csproj", "{6EEFFFF5-87D9-43D7-B340-EED003F6C714}"
EndProject
Project("{FAE04EC0-301F-11D3-BF4B-00C04F79EFBC}") = "AskHR.Orchestrator", "AskHR.Orchestrator\AskHR.Orchestrator.csproj", "{C811DFDD-BF27-4D96-92D9-1ADD049D5BFC}"
EndProject
Project("{FAE04EC0-301F-11D3-BF4B-00C04F79EFBC}") = "AskHR.AITools.SimpleTools", "AITools\AskHR.AITools.SimpleTools\AskHR.AITools.SimpleTools.csproj", "{967972F1-AB66-4CA6-8858-C8CF3DD54919}"
EndProject
Project("{2150E333-8FDC-42A3-9474-1A3956D46DE8}") = "AskHR.Admin", "AskHR.Admin", "{F1643873-BB5D-988E-CD4A-7C47933E371B}"
EndProject
Project("{FAE04EC0-301F-11D3-BF4B-00C04F79EFBC}") = "AskHR.Admin", "AskHR.Admin\AskHR.Admin\AskHR.Admin.csproj", "{F8394D39-927B-4F41-ACC6-8E4E287C41B7}"
EndProject
Project("{FAE04EC0-301F-11D3-BF4B-00C04F79EFBC}") = "AskHR.Admin.Client", "AskHR.Admin\AskHR.Admin.Client\AskHR.Admin.Client.csproj", "{5EF4B67C-6C42-4371-8A95-E6A994E004ED}"
EndProject
Project("{2150E333-8FDC-42A3-9474-1A3956D46DE8}") = "AskHR.WebClient", "AskHR.WebClient", "{D6320FBF-66DF-1737-9398-17B950EAAA7F}"
EndProject
Project("{FAE04EC0-301F-11D3-BF4B-00C04F79EFBC}") = "AskHR.WebClient", "AskHR.WebClient\AskHR.WebClient\AskHR.WebClient.csproj", "{B67C9C5E-9EFC-4163-AFBB-9152435C0E04}"
EndProject
Project("{FAE04EC0-301F-11D3-BF4B-00C04F79EFBC}") = "AskHR.WebClient.Client", "AskHR.WebClient\AskHR.WebClient.Client\AskHR.WebClient.Client.csproj", "{B4B9E346-1DC7-470F-92C7-20FBC835FAE7}"
EndProject
Project("{FAE04EC0-301F-11D3-BF4B-00C04F79EFBC}") = "AskHR.MCP.Server.Tests", "tests\AskHR.MCP.Server.Tests\AskHR.MCP.Server.Tests.csproj", "{0399810F-3F4A-4516-A022-F3E774D54596}"
EndProject
Project("{FAE04EC0-301F-11D3-BF4B-00C04F79EFBC}") = "AskHR.Orchestrator.Tests", "tests\AskHR.Orchestrator.Tests\AskHR.Orchestrator.Tests.csproj", "{97603DB8-90C3-407B-AB05-266C8C28BFD6}"
EndProject
Project("{FAE04EC0-301F-11D3-BF4B-00C04F79EFBC}") = "AskHR.Admin.E2ETests", "tests\AskHR.Admin.E2ETests\AskHR.Admin.E2ETests.csproj", "{773C214E-63B6-4DFF-83EB-BA99DEA1DE53}"
EndProject
Global
	GlobalSection(SolutionConfigurationPlatforms) = preSolution
		Debug|Any CPU = Debug|Any CPU
		Debug|x64 = Debug|x64
		Debug|x86 = Debug|x86
		Release|Any CPU = Release|Any CPU
		Release|x64 = Release|x64
		Release|x86 = Release|x86
	EndGlobalSection
	GlobalSection(ProjectConfigurationPlatforms) = postSolution
		{D7E75C3D-AADA-4C15-8F53-064DD7A0032D}.Debug|Any CPU.ActiveCfg = Debug|Any CPU
		{D7E75C3D-AADA-4C15-8F53-064DD7A0032D}.Debug|Any CPU.Build.0 = Debug|Any CPU
		{D7E75C3D-AADA-4C15-8F53-064DD7A0032D}.Debug|x64.ActiveCfg = Debug|Any CPU
		{D7E75C3D-AADA-4C15-8F53-064DD7A0032D}.Debug|x64.Build.0 = Debug|Any CPU
		{D7E75C3D-AADA-4C15-8F53-064DD7A0032D}.Debug|x86.ActiveCfg = Debug|Any CPU
		{D7E75C3D-AADA-4C15-8F53-064DD7A0032D}.Debug|x86.Build.0 = Debug|Any CPU
		{D7E75C3D-AADA-4C15-8F53-064DD7A0032D}.Release|Any CPU.ActiveCfg = Release|Any CPU
		{D7E75C3D-AADA-4C15-8F53-064DD7A0032D}.Release|Any CPU.Build.0 = Release|Any CPU
		{D7E75C3D-AADA-4C15-8F53-064DD7A0032D}.Release|x64.ActiveCfg = Release|Any CPU
		{D7E75C3D-AADA-4C15-8F53-064DD7A0032D}.Release|x64.Build.0 = Release|Any CPU
		{D7E75C3D-AADA-4C15-8F53-064DD7A0032D}.Release|x86.ActiveCfg = Release|Any CPU
		{D7E75C3D-AADA-4C15-8F53-064DD7A0032D}.Release|x86.Build.0 = Release|Any CPU
		{096BFD86-B88B-464C-A79C-BB46AC2CA067}.Debug|Any CPU.ActiveCfg = Debug|Any CPU
		{096BFD86-B88B-464C-A79C-BB46AC2CA067}.Debug|Any CPU.Build.0 = Debug|Any CPU
		{096BFD86-B88B-464C-A79C-BB46AC2CA067}.Debug|x64.ActiveCfg = Debug|Any CPU
		{096BFD86-B88B-464C-A79C-BB46AC2CA067}.Debug|x64.Build.0 = Debug|Any CPU
		{096BFD86-B88B-464C-A79C-BB46AC2CA067}.Debug|x86.ActiveCfg = Debug|Any CPU
		{096BFD86-B88B-464C-A79C-BB46AC2CA067}.Debug|x86.Build.0 = Debug|Any CPU
		{096BFD86-B88B-464C-A79C-BB46AC2CA067}.Release|Any CPU.ActiveCfg = Release|Any CPU
		{096BFD86-B88B-464C-A79C-BB46AC2CA067}.Release|Any CPU.Build.0 = Release|Any CPU
		{096BFD86-B88B-464C-A79C-BB46AC2CA067}.Release|x64.ActiveCfg = Release|Any CPU
		{096BFD86-B88B-464C-A79C-BB46AC2CA067}.Release|x64.Build.0 = Release|Any CPU
		{096BFD86-B88B-464C-A79C-BB46AC2CA067}.Release|x86.ActiveCfg = Release|Any CPU
		{096BFD86-B88B-464C-A79C-BB46AC2CA067}.Release|x86.Build.0 = Release|Any CPU
		{FF73276D-AA6D-47B4-A098-90C204C329B4}.Debug|Any CPU.ActiveCfg = Debug|Any CPU
		{FF73276D-AA6D-47B4-A098-90C204C329B4}.Debug|Any CPU.Build.0 = Debug|Any CPU
		{FF73276D-AA6D-47B4-A098-90C204C329B4}.Debug|x64.ActiveCfg = Debug|Any CPU
		{FF73276D-AA6D-47B4-A098-90C204C329B4}.Debug|x64.Build.0 = Debug|Any CPU
		{FF73276D-AA6D-47B4-A098-90C204C329B4}.Debug|x86.ActiveCfg = Debug|Any CPU
		{FF73276D-AA6D-47B4-A098-90C204C329B4}.Debug|x86.Build.0 = Debug|Any CPU
		{FF73276D-AA6D-47B4-A098-90C204C329B4}.Release|Any CPU.ActiveCfg = Release|Any CPU
		{FF73276D-AA6D-47B4-A098-90C204C329B4}.Release|Any CPU.Build.0 = Release|Any CPU
		{FF73276D-AA6D-47B4-A098-90C204C329B4}.Release|x64.ActiveCfg = Release|Any CPU
		{FF73276D-AA6D-47B4-A098-90C204C329B4}.Release|x64.Build.0 = Release|Any CPU
		{FF73276D-AA6D-47B4-A098-90C204C329B4}.Release|x86.ActiveCfg = Release|Any CPU
		{FF73276D-AA6D-47B4-A098-90C204C329B4}.Release|x86.Build.0 = Release|Any CPU
		{54838106-D89D-467F-BD86-362F32AEB36E}.Debug|Any CPU.ActiveCfg = Debug|Any CPU
		{54838106-D89D-467F-BD86-362F32AEB36E}.Debug|Any CPU.Build.0 = Debug|Any CPU
		{54838106-D89D-467F-BD86-362F32AEB36E}.Debug|x64.ActiveCfg = Debug|Any CPU
		{54838106-D89D-467F-BD86-362F32AEB36E}.Debug|x64.Build.0 = Debug|Any CPU
		{54838106-D89D-467F-BD86-362F32AEB36E}.Debug|x86.ActiveCfg = Debug|Any CPU
		{54838106-D89D-467F-BD86-362F32AEB36E}.Debug|x86.Build.0 = Debug|Any CPU
		{54838106-D89D-467F-BD86-362F32AEB36E}.Release|Any CPU.ActiveCfg = Release|Any CPU
		{54838106-D89D-467F-BD86-362F32AEB36E}.Release|Any CPU.Build.0 = Release|Any CPU
		{54838106-D89D-467F-BD86-362F32AEB36E}.Release|x64.ActiveCfg = Release|Any CPU
		{54838106-D89D-467F-BD86-362F32AEB36E}.Release|x64.Build.0 = Release|Any CPU
		{54838106-D89D-467F-BD86-362F32AEB36E}.Release|x86.ActiveCfg = Release|Any CPU
		{54838106-D89D-467F-BD86-362F32AEB36E}.Release|x86.Build.0 = Release|Any CPU
		{48460D4C-7B5A-498C-9335-2F7C927CF4A2}.Debug|Any CPU.ActiveCfg = Debug|Any CPU
		{48460D4C-7B5A-498C-9335-2F7C927CF4A2}.Debug|Any CPU.Build.0 = Debug|Any CPU
		{48460D4C-7B5A-498C-9335-2F7C927CF4A2}.Debug|x64.ActiveCfg = Debug|Any CPU
		{48460D4C-7B5A-498C-9335-2F7C927CF4A2}.Debug|x64.Build.0 = Debug|Any CPU
		{48460D4C-7B5A-498C-9335-2F7C927CF4A2}.Debug|x86.ActiveCfg = Debug|Any CPU
		{48460D4C-7B5A-498C-9335-2F7C927CF4A2}.Debug|x86.Build.0 = Debug|Any CPU
		{48460D4C-7B5A-498C-9335-2F7C927CF4A2}.Release|Any CPU.ActiveCfg = Release|Any CPU
		{48460D4C-7B5A-498C-9335-2F7C927CF4A2}.Release|Any CPU.Build.0 = Release|Any CPU
		{48460D4C-7B5A-498C-9335-2F7C927CF4A2}.Release|x64.ActiveCfg = Release|Any CPU
		{48460D4C-7B5A-498C-9335-2F7C927CF4A2}.Release|x64.Build.0 = Release|Any CPU
		{48460D4C-7B5A-498C-9335-2F7C927CF4A2}.Release|x86.ActiveCfg = Release|Any CPU
		{48460D4C-7B5A-498C-9335-2F7C927CF4A2}.Release|x86.Build.0 = Release|Any CPU
		{6EEFFFF5-87D9-43D7-B340-EED003F6C714}.Debug|Any CPU.ActiveCfg = Debug|Any CPU
		{6EEFFFF5-87D9-43D7-B340-EED003F6C714}.Debug|Any CPU.Build.0 = Debug|Any CPU
		{6EEFFFF5-87D9-43D7-B340-EED003F6C714}.Debug|x64.ActiveCfg = Debug|Any CPU
		{6EEFFFF5-87D9-43D7-B340-EED003F6C714}.Debug|x64.Build.0 = Debug|Any CPU
		{6EEFFFF5-87D9-43D7-B340-EED003F6C714}.Debug|x86.ActiveCfg = Debug|Any CPU
		{6EEFFFF5-87D9-43D7-B340-EED003F6C714}.Debug|x86.Build.0 = Debug|Any CPU
		{6EEFFFF5-87D9-43D7-B340-EED003F6C714}.Release|Any CPU.ActiveCfg = Release|Any CPU
		{6EEFFFF5-87D9-43D7-B340-EED003F6C714}.Release|Any CPU.Build.0 = Release|Any CPU
		{6EEFFFF5-87D9-43D7-B340-EED003F6C714}.Release|x64.ActiveCfg = Release|Any CPU
		{6EEFFFF5-87D9-43D7-B340-EED003F6C714}.Release|x64.Build.0 = Release|Any CPU
		{6EEFFFF5-87D9-43D7-B340-EED003F6C714}.Release|x86.ActiveCfg = Release|Any CPU
		{6EEFFFF5-87D9-43D7-B340-EED003F6C714}.Release|x86.Build.0 = Release|Any CPU
		{C811DFDD-BF27-4D96-92D9-1ADD049D5BFC}.Debug|Any CPU.ActiveCfg = Debug|Any CPU
		{C811DFDD-BF27-4D96-92D9-1ADD049D5BFC}.Debug|Any CPU.Build.0 = Debug|Any CPU
		{C811DFDD-BF27-4D96-92D9-1ADD049D5BFC}.Debug|x64.ActiveCfg = Debug|Any CPU
		{C811DFDD-BF27-4D96-92D9-1ADD049D5BFC}.Debug|x64.Build.0 = Debug|Any CPU
		{C811DFDD-BF27-4D96-92D9-1ADD049D5BFC}.Debug|x86.ActiveCfg = Debug|Any CPU
		{C811DFDD-BF27-4D96-92D9-1ADD049D5BFC}.Debug|x86.Build.0 = Debug|Any CPU
		{C811DFDD-BF27-4D96-92D9-1ADD049D5BFC}.Release|Any CPU.ActiveCfg = Release|Any CPU
		{C811DFDD-BF27-4D96-92D9-1ADD049D5BFC}.Release|Any CPU.Build.0 = Release|Any CPU
		{C811DFDD-BF27-4D96-92D9-1ADD049D5BFC}.Release|x64.ActiveCfg = Release|Any CPU
		{C811DFDD-BF27-4D96-92D9-1ADD049D5BFC}.Release|x64.Build.0 = Release|Any CPU
		{C811DFDD-BF27-4D96-92D9-1ADD049D5BFC}.Release|x86.ActiveCfg = Release|Any CPU
		{C811DFDD-BF27-4D96-92D9-1ADD049D5BFC}.Release|x86.Build.0 = Release|Any CPU
		{967972F1-AB66-4CA6-8858-C8CF3DD54919}.Debug|Any CPU.ActiveCfg = Debug|Any CPU
		{967972F1-AB66-4CA6-8858-C8CF3DD54919}.Debug|Any CPU.Build.0 = Debug|Any CPU
		{967972F1-AB66-4CA6-8858-C8CF3DD54919}.Debug|x64.ActiveCfg = Debug|Any CPU
		{967972F1-AB66-4CA6-8858-C8CF3DD54919}.Debug|x64.Build.0 = Debug|Any CPU
		{967972F1-AB66-4CA6-8858-C8CF3DD54919}.Debug|x86.ActiveCfg = Debug|Any CPU
		{967972F1-AB66-4CA6-8858-C8CF3DD54919}.Debug|x86.Build.0 = Debug|Any CPU
		{967972F1-AB66-4CA6-8858-C8CF3DD54919}.Release|Any CPU.ActiveCfg = Release|Any CPU
		{967972F1-AB66-4CA6-8858-C8CF3DD54919}.Release|Any CPU.Build.0 = Release|Any CPU
		{967972F1-AB66-4CA6-8858-C8CF3DD54919}.Release|x64.ActiveCfg = Release|Any CPU
		{967972F1-AB66-4CA6-8858-C8CF3DD54919}.Release|x64.Build.0 = Release|Any CPU
		{967972F1-AB66-4CA6-8858-C8CF3DD54919}.Release|x86.ActiveCfg = Release|Any CPU
		{967972F1-AB66-4CA6-8858-C8CF3DD54919}.Release|x86.Build.0 = Release|Any CPU
		{F8394D39-927B-4F41-ACC6-8E4E287C41B7}.Debug|Any CPU.ActiveCfg = Debug|Any CPU
		{F8394D39-927B-4F41-ACC6-8E4E287C41B7}.Debug|Any CPU.Build.0 = Debug|Any CPU
		{F8394D39-927B-4F41-ACC6-8E4E287C41B7}.Debug|x64.ActiveCfg = Debug|Any CPU
		{F8394D39-927B-4F41-ACC6-8E4E287C41B7}.Debug|x64.Build.0 = Debug|Any CPU
		{F8394D39-927B-4F41-ACC6-8E4E287C41B7}.Debug|x86.ActiveCfg = Debug|Any CPU
		{F8394D39-927B-4F41-ACC6-8E4E287C41B7}.Debug|x86.Build.0 = Debug|Any CPU
		{F8394D39-927B-4F41-ACC6-8E4E287C41B7}.Release|Any CPU.ActiveCfg = Release|Any CPU
		{F8394D39-927B-4F41-ACC6-8E4E287C41B7}.Release|Any CPU.Build.0 = Release|Any CPU
		{F8394D39-927B-4F41-ACC6-8E4E287C41B7}.Release|x64.ActiveCfg = Release|Any CPU
		{F8394D39-927B-4F41-ACC6-8E4E287C41B7}.Release|x64.Build.0 = Release|Any CPU
		{F8394D39-927B-4F41-ACC6-8E4E287C41B7}.Release|x86.ActiveCfg = Release|Any CPU
		{F8394D39-927B-4F41-ACC6-8E4E287C41B7}.Release|x86.Build.0 = Release|Any CPU
		{5EF4B67C-6C42-4371-8A95-E6A994E004ED}.Debug|Any CPU.ActiveCfg = Debug|Any CPU
		{5EF4B67C-6C42-4371-8A95-E6A994E004ED}.Debug|Any CPU.Build.0 = Debug|Any CPU
		{5EF4B67C-6C42-4371-8A95-E6A994E004ED}.Debug|x64.ActiveCfg = Debug|Any CPU
		{5EF4B67C-6C42-4371-8A95-E6A994E004ED}.Debug|x64.Build.0 = Debug|Any CPU
		{5EF4B67C-6C42-4371-8A95-E6A994E004ED}.Debug|x86.ActiveCfg = Debug|Any CPU
		{5EF4B67C-6C42-4371-8A95-E6A994E004ED}.Debug|x86.Build.0 = Debug|Any CPU
		{5EF4B67C-6C42-4371-8A95-E6A994E004ED}.Release|Any CPU.ActiveCfg = Release|Any CPU
		{5EF4B67C-6C42-4371-8A95-E6A994E004ED}.Release|Any CPU.Build.0 = Release|Any CPU
		{5EF4B67C-6C42-4371-8A95-E6A994E004ED}.Release|x64.ActiveCfg = Release|Any CPU
		{5EF4B67C-6C42-4371-8A95-E6A994E004ED}.Release|x64.Build.0 = Release|Any CPU
		{5EF4B67C-6C42-4371-8A95-E6A994E004ED}.Release|x86.ActiveCfg = Release|Any CPU
		{5EF4B67C-6C42-4371-8A95-E6A994E004ED}.Release|x86.Build.0 = Release|Any CPU
		{B67C9C5E-9EFC-4163-AFBB-9152435C0E04}.Debug|Any CPU.ActiveCfg = Debug|Any CPU
		{B67C9C5E-9EFC-4163-AFBB-9152435C0E04}.Debug|Any CPU.Build.0 = Debug|Any CPU
		{B67C9C5E-9EFC-4163-AFBB-9152435C0E04}.Debug|x64.ActiveCfg = Debug|Any CPU
		{B67C9C5E-9EFC-4163-AFBB-9152435C0E04}.Debug|x64.Build.0 = Debug|Any CPU
		{B67C9C5E-9EFC-4163-AFBB-9152435C0E04}.Debug|x86.ActiveCfg = Debug|Any CPU
		{B67C9C5E-9EFC-4163-AFBB-9152435C0E04}.Debug|x86.Build.0 = Debug|Any CPU
		{B67C9C5E-9EFC-4163-AFBB-9152435C0E04}.Release|Any CPU.ActiveCfg = Release|Any CPU
		{B67C9C5E-9EFC-4163-AFBB-9152435C0E04}.Release|Any CPU.Build.0 = Release|Any CPU
		{B67C9C5E-9EFC-4163-AFBB-9152435C0E04}.Release|x64.ActiveCfg = Release|Any CPU
		{B67C9C5E-9EFC-4163-AFBB-9152435C0E04}.Release|x64.Build.0 = Release|Any CPU
		{B67C9C5E-9EFC-4163-AFBB-9152435C0E04}.Release|x86.ActiveCfg = Release|Any CPU
		{B67C9C5E-9EFC-4163-AFBB-9152435C0E04}.Release|x86.Build.0 = Release|Any CPU
		{B4B9E346-1DC7-470F-92C7-20FBC835FAE7}.Debug|Any CPU.ActiveCfg = Debug|Any CPU
		{B4B9E346-1DC7-470F-92C7-20FBC835FAE7}.Debug|Any CPU.Build.0 = Debug|Any CPU
		{B4B9E346-1DC7-470F-92C7-20FBC835FAE7}.Debug|x64.ActiveCfg = Debug|Any CPU
		{B4B9E346-1DC7-470F-92C7-20FBC835FAE7}.Debug|x64.Build.0 = Debug|Any CPU
		{B4B9E346-1DC7-470F-92C7-20FBC835FAE7}.Debug|x86.ActiveCfg = Debug|Any CPU
		{B4B9E346-1DC7-470F-92C7-20FBC835FAE7}.Debug|x86.Build.0 = Debug|Any CPU
		{B4B9E346-1DC7-470F-92C7-20FBC835FAE7}.Release|Any CPU.ActiveCfg = Release|Any CPU
		{B4B9E346-1DC7-470F-92C7-20FBC835FAE7}.Release|Any CPU.Build.0 = Release|Any CPU
		{B4B9E346-1DC7-470F-92C7-20FBC835FAE7}.Release|x64.ActiveCfg = Release|Any CPU
		{B4B9E346-1DC7-470F-92C7-20FBC835FAE7}.Release|x64.Build.0 = Release|Any CPU
		{B4B9E346-1DC7-470F-92C7-20FBC835FAE7}.Release|x86.ActiveCfg = Release|Any CPU
		{B4B9E346-1DC7-470F-92C7-20FBC835FAE7}.Release|x86.Build.0 = Release|Any CPU
		{0399810F-3F4A-4516-A022-F3E774D54596}.Debug|Any CPU.ActiveCfg = Debug|Any CPU
		{0399810F-3F4A-4516-A022-F3E774D54596}.Debug|Any CPU.Build.0 = Debug|Any CPU
		{0399810F-3F4A-4516-A022-F3E774D54596}.Debug|x64.ActiveCfg = Debug|Any CPU
		{0399810F-3F4A-4516-A022-F3E774D54596}.Debug|x64.Build.0 = Debug|Any CPU
		{0399810F-3F4A-4516-A022-F3E774D54596}.Debug|x86.ActiveCfg = Debug|Any CPU
		{0399810F-3F4A-4516-A022-F3E774D54596}.Debug|x86.Build.0 = Debug|Any CPU
		{0399810F-3F4A-4516-A022-F3E774D54596}.Release|Any CPU.ActiveCfg = Release|Any CPU
		{0399810F-3F4A-4516-A022-F3E774D54596}.Release|Any CPU.Build.0 = Release|Any CPU
		{0399810F-3F4A-4516-A022-F3E774D54596}.Release|x64.ActiveCfg = Release|Any CPU
		{0399810F-3F4A-4516-A022-F3E774D54596}.Release|x64.Build.0 = Release|Any CPU
		{0399810F-3F4A-4516-A022-F3E774D54596}.Release|x86.ActiveCfg = Release|Any CPU
		{0399810F-3F4A-4516-A022-F3E774D54596}.Release|x86.Build.0 = Release|Any CPU
		{97603DB8-90C3-407B-AB05-266C8C28BFD6}.Debug|Any CPU.ActiveCfg = Debug|Any CPU
		{97603DB8-90C3-407B-AB05-266C8C28BFD6}.Debug|Any CPU.Build.0 = Debug|Any CPU
		{97603DB8-90C3-407B-AB05-266C8C28BFD6}.Debug|x64.ActiveCfg = Debug|Any CPU
		{97603DB8-90C3-407B-AB05-266C8C28BFD6}.Debug|x64.Build.0 = Debug|Any CPU
		{97603DB8-90C3-407B-AB05-266C8C28BFD6}.Debug|x86.ActiveCfg = Debug|Any CPU
		{97603DB8-90C3-407B-AB05-266C8C28BFD6}.Debug|x86.Build.0 = Debug|Any CPU
		{97603DB8-90C3-407B-AB05-266C8C28BFD6}.Release|Any CPU.ActiveCfg = Release|Any CPU
		{97603DB8-90C3-407B-AB05-266C8C28BFD6}.Release|Any CPU.Build.0 = Release|Any CPU
		{97603DB8-90C3-407B-AB05-266C8C28BFD6}.Release|x64.ActiveCfg = Release|Any CPU
		{97603DB8-90C3-407B-AB05-266C8C28BFD6}.Release|x64.Build.0 = Release|Any CPU
		{97603DB8-90C3-407B-AB05-266C8C28BFD6}.Release|x86.ActiveCfg = Release|Any CPU
		{97603DB8-90C3-407B-AB05-266C8C28BFD6}.Release|x86.Build.0 = Release|Any CPU
		{773C214E-63B6-4DFF-83EB-BA99DEA1DE53}.Debug|Any CPU.ActiveCfg = Debug|Any CPU
		{773C214E-63B6-4DFF-83EB-BA99DEA1DE53}.Debug|Any CPU.Build.0 = Debug|Any CPU
		{773C214E-63B6-4DFF-83EB-BA99DEA1DE53}.Debug|x64.ActiveCfg = Debug|Any CPU
		{773C214E-63B6-4DFF-83EB-BA99DEA1DE53}.Debug|x64.Build.0 = Debug|Any CPU
		{773C214E-63B6-4DFF-83EB-BA99DEA1DE53}.Debug|x86.ActiveCfg = Debug|Any CPU
		{773C214E-63B6-4DFF-83EB-BA99DEA1DE53}.Debug|x86.Build.0 = Debug|Any CPU
		{773C214E-63B6-4DFF-83EB-BA99DEA1DE53}.Release|Any CPU.ActiveCfg = Release|Any CPU
		{773C214E-63B6-4DFF-83EB-BA99DEA1DE53}.Release|Any CPU.Build.0 = Release|Any CPU
		{773C214E-63B6-4DFF-83EB-BA99DEA1DE53}.Release|x64.ActiveCfg = Release|Any CPU
		{773C214E-63B6-4DFF-83EB-BA99DEA1DE53}.Release|x64.Build.0 = Release|Any CPU
		{773C214E-63B6-4DFF-83EB-BA99DEA1DE53}.Release|x86.ActiveCfg = Release|Any CPU
		{773C214E-63B6-4DFF-83EB-BA99DEA1DE53}.Release|x86.Build.0 = Release|Any CPU
	EndGlobalSection
	GlobalSection(SolutionProperties) = preSolution
		HideSolutionNode = FALSE
	EndGlobalSection
	GlobalSection(NestedProjects) = preSolution
		{6EEFFFF5-87D9-43D7-B340-EED003F6C714} = {55F88B21-571A-464F-8D69-3C16FEF76432}
		{967972F1-AB66-4CA6-8858-C8CF3DD54919} = {55F88B21-571A-464F-8D69-3C16FEF76432}
		{F8394D39-927B-4F41-ACC6-8E4E287C41B7} = {F1643873-BB5D-988E-CD4A-7C47933E371B}
		{5EF4B67C-6C42-4371-8A95-E6A994E004ED} = {F1643873-BB5D-988E-CD4A-7C47933E371B}
		{B67C9C5E-9EFC-4163-AFBB-9152435C0E04} = {D6320FBF-66DF-1737-9398-17B950EAAA7F}
		{B4B9E346-1DC7-470F-92C7-20FBC835FAE7} = {D6320FBF-66DF-1737-9398-17B950EAAA7F}
		{0399810F-3F4A-4516-A022-F3E774D54596} = {02EA681E-C7D8-13C7-8484-4AC65E1B71E8}
		{97603DB8-90C3-407B-AB05-266C8C28BFD6} = {02EA681E-C7D8-13C7-8484-4AC65E1B71E8}
		{773C214E-63B6-4DFF-83EB-BA99DEA1DE53} = {02EA681E-C7D8-13C7-8484-4AC65E1B71E8}
	EndGlobalSection
	GlobalSection(ExtensibilityGlobals) = postSolution
		SolutionGuid = {89B391CD-6FE1-4CFC-BC93-C9B175607B5A}
	EndGlobalSection
EndGlobal
